
Microsoft Visual Studio Solution File, Format Version 12.00
# Visual Studio Version 16
VisualStudioVersion = 16.0.32002.261
MinimumVisualStudioVersion = 10.0.40219.1
Project("{9A19103F-16F7-4668-BE54-9A1E7A4F7556}") = "DigitalDoggy", "DigitalDoggy\DigitalDoggy.csproj", "{CF57A7A4-16AF-4CBA-BB92-916357B5919C}"
EndProject
Project("{9A19103F-16F7-4668-BE54-9A1E7A4F7556}") = "DigitalDoggy.DataAccess", "DigitalDoggy.DataAccess\DigitalDoggy.DataAccess.csproj", "{92D28520-FEF2-4CBF-AA68-14162E090748}"
EndProject
Project("{9A19103F-16F7-4668-BE54-9A1E7A4F7556}") = "DigitalDoggy.Domain", "DigitalDoggy.Domain\DigitalDoggy.Domain.csproj", "{7368A884-1FA4-4BA1-B7D7-2ED713C0C3DA}"
EndProject
Project("{9A19103F-16F7-4668-BE54-9A1E7A4F7556}") = "DigitalDoggy.BusinessLogic", "DigitalDoggy.BusinessLogic\DigitalDoggy.BusinessLogic.csproj", "{149AE999-AEFB-4AFF-9F06-3349783E9879}"
EndProject
Project("{FAE04EC0-301F-11D3-BF4B-00C04F79EFBC}") = "DigitalDoggy.Tests", "DigitalDoggy.Tests\DigitalDoggy.Tests.csproj", "{59478C07-7E80-49DD-B9BF-4D89A5D70B3F}"
EndProject
Global
	GlobalSection(SolutionConfigurationPlatforms) = preSolution
		Debug|Any CPU = Debug|Any CPU
		Release|Any CPU = Release|Any CPU
	EndGlobalSection
	GlobalSection(ProjectConfigurationPlatforms) = postSolution
		{CF57A7A4-16AF-4CBA-BB92-916357B5919C}.Debug|Any CPU.ActiveCfg = Debug|Any CPU
		{CF57A7A4-16AF-4CBA-BB92-916357B5919C}.Debug|Any CPU.Build.0 = Debug|Any CPU
		{CF57A7A4-16AF-4CBA-BB92-916357B5919C}.Release|Any CPU.ActiveCfg = Release|Any CPU
		{CF57A7A4-16AF-4CBA-BB92-916357B5919C}.Release|Any CPU.Build.0 = Release|Any CPU
		{92D28520-FEF2-4CBF-AA68-14162E090748}.Debug|Any CPU.ActiveCfg = Debug|Any CPU
		{92D28520-FEF2-4CBF-AA68-14162E090748}.Debug|Any CPU.Build.0 = Debug|Any CPU
		{92D28520-FEF2-4CBF-AA68-14162E090748}.Release|Any CPU.ActiveCfg = Release|Any CPU
		{92D28520-FEF2-4CBF-AA68-14162E090748}.Release|Any CPU.Build.0 = Release|Any CPU
		{7368A884-1FA4-4BA1-B7D7-2ED713C0C3DA}.Debug|Any CPU.ActiveCfg = Debug|Any CPU
		{7368A884-1FA4-4BA1-B7D7-2ED713C0C3DA}.Debug|Any CPU.Build.0 = Debug|Any CPU
		{7368A884-1FA4-4BA1-B7D7-2ED713C0C3DA}.Release|Any CPU.ActiveCfg = Release|Any CPU
		{7368A884-1FA4-4BA1-B7D7-2ED713C0C3DA}.Release|Any CPU.Build.0 = Release|Any CPU
		{149AE999-AEFB-4AFF-9F06-3349783E9879}.Debug|Any CPU.ActiveCfg = Debug|Any CPU
		{149AE999-AEFB-4AFF-9F06-3349783E9879}.Debug|Any CPU.Build.0 = Debug|Any CPU
		{149AE999-AEFB-4AFF-9F06-3349783E9879}.Release|Any CPU.ActiveCfg = Release|Any CPU
		{149AE999-AEFB-4AFF-9F06-3349783E9879}.Release|Any CPU.Build.0 = Release|Any CPU
		{59478C07-7E80-49DD-B9BF-4D89A5D70B3F}.Debug|Any CPU.ActiveCfg = Debug|Any CPU
		{59478C07-7E80-49DD-B9BF-4D89A5D70B3F}.Debug|Any CPU.Build.0 = Debug|Any CPU
		{59478C07-7E80-49DD-B9BF-4D89A5D70B3F}.Release|Any CPU.ActiveCfg = Release|Any CPU
		{59478C07-7E80-49DD-B9BF-4D89A5D70B3F}.Release|Any CPU.Build.0 = Release|Any CPU
	EndGlobalSection
	GlobalSection(SolutionProperties) = preSolution
		HideSolutionNode = FALSE
	EndGlobalSection
	GlobalSection(ExtensibilityGlobals) = postSolution
		SolutionGuid = {D16F341B-5CDF-47E6-A044-D7A2D7EF25F0}
	EndGlobalSection
EndGlobal
